{
  "name": "haxe-shaders",
  "version": "1.0.0",
  "lockfileVersion": 1,
  "requires": true,
  "dependencies": {
    "esbuild": {
      "version": "0.7.9",
      "resolved": "https://registry.npmjs.org/esbuild/-/esbuild-0.7.9.tgz",
      "integrity": "sha512-ksQ5GclWlswKrggWLPW9OHpRnMQZyWhonRCDbS/EoOYnG5g+1bsZVUvodBB2PJ8haiOEdmx0hWNJXEErvWIJeg=="
    },
    "three": {
      "version": "0.121.1",
      "resolved": "https://registry.npmjs.org/three/-/three-0.121.1.tgz",
      "integrity": "sha512-+rYhNpW5W1aBdLkPQDld/GA4Sj/uOKJJKVpCAZUbpk/HZEiYRUlPt8+s+9nmxRglWmRHdBa3ERvUwqg4nmoA5w=="
    }
  }
}
